// !$*UTF8*$!
{
	archiveVersion = 1;
	classes = {
	};
	objectVersion = 46;
	objects = {

/* Begin PBXBuildFile section */
		CD0437751D887746007A7461 /* MIMEType.swift in Sources */ = {isa = PBXBuildFile; fileRef = CD0437741D887746007A7461 /* MIMEType.swift */; };
		CD0F813D1D5F712E00736E69 /* CFRepresentable.swift in Sources */ = {isa = PBXBuildFile; fileRef = CD0F813C1D5F712E00736E69 /* CFRepresentable.swift */; };
		CD100AA71E8D8E1600615D7D /* UIEdgeInsets.swift in Sources */ = {isa = PBXBuildFile; fileRef = CD100AA61E8D8E1600615D7D /* UIEdgeInsets.swift */; };
		CD17D9551DAEA7D700580E92 /* URL.swift in Sources */ = {isa = PBXBuildFile; fileRef = CD17D9541DAEA7D700580E92 /* URL.swift */; };
		CD2907E61D627836000DD8B7 /* NSCoder.swift in Sources */ = {isa = PBXBuildFile; fileRef = CD2907E51D627836000DD8B7 /* NSCoder.swift */; };
		CD2907E81D627C61000DD8B7 /* SortedArray.swift in Sources */ = {isa = PBXBuildFile; fileRef = CD2907E71D627C61000DD8B7 /* SortedArray.swift */; };
		CD2907EA1D627C88000DD8B7 /* SortedDictionary.swift in Sources */ = {isa = PBXBuildFile; fileRef = CD2907E91D627C88000DD8B7 /* SortedDictionary.swift */; };
		CD2D2F1E1E9BD5750069A81E /* PastaKit.swift in Sources */ = {isa = PBXBuildFile; fileRef = CD2D2F1D1E9BD5750069A81E /* PastaKit.swift */; };
		CD30FDC11D74DC200087E68F /* PKPopoverPresentationController.swift in Sources */ = {isa = PBXBuildFile; fileRef = CD30FDC01D74DC200087E68F /* PKPopoverPresentationController.swift */; };
		CD30FDC31D74DC470087E68F /* LocalizedStrings.swift in Sources */ = {isa = PBXBuildFile; fileRef = CD30FDC21D74DC470087E68F /* LocalizedStrings.swift */; };
		CD379B1F1DB9176600124712 /* Comparable.swift in Sources */ = {isa = PBXBuildFile; fileRef = CD379B1E1DB9176600124712 /* Comparable.swift */; };
		CD3894F01D662BF000E03CDC /* NSString.swift in Sources */ = {isa = PBXBuildFile; fileRef = CD3894EF1D662BF000E03CDC /* NSString.swift */; };
		CD39B1AB1DAC439900D0F8BF /* CountableRange.swift in Sources */ = {isa = PBXBuildFile; fileRef = CD39B1AA1DAC439900D0F8BF /* CountableRange.swift */; };
		CD39B1AD1DAD44C700D0F8BF /* Notification.swift in Sources */ = {isa = PBXBuildFile; fileRef = CD39B1AC1DAD44C700D0F8BF /* Notification.swift */; };
		CD39BE9D1D60E01500E8FB50 /* PKStackView.swift in Sources */ = {isa = PBXBuildFile; fileRef = CD39BE9C1D60E01500E8FB50 /* PKStackView.swift */; };
		CD39BE9F1D60E25E00E8FB50 /* PKFileManager.swift in Sources */ = {isa = PBXBuildFile; fileRef = CD39BE9E1D60E25E00E8FB50 /* PKFileManager.swift */; };
		CD39BED81D6110F700E8FB50 /* UIZoomingScrollView.swift in Sources */ = {isa = PBXBuildFile; fileRef = CD39BED71D6110F700E8FB50 /* UIZoomingScrollView.swift */; };
		CD3AEF3D1D874D6300E3DBB4 /* SeparableOptionSetType.swift in Sources */ = {isa = PBXBuildFile; fileRef = CD3AEF3C1D874D6300E3DBB4 /* SeparableOptionSetType.swift */; };
		CD4EA8BA1D6BE519003B45E4 /* NSSortedArray.swift in Sources */ = {isa = PBXBuildFile; fileRef = CD4EA8B91D6BE519003B45E4 /* NSSortedArray.swift */; };
		CD4EA8BD1D6BE52A003B45E4 /* TryOperation.h in Headers */ = {isa = PBXBuildFile; fileRef = CD4EA8BB1D6BE52A003B45E4 /* TryOperation.h */; settings = {ATTRIBUTES = (Public, ); }; };
		CD4EA8BE1D6BE52A003B45E4 /* TryOperation.m in Sources */ = {isa = PBXBuildFile; fileRef = CD4EA8BC1D6BE52A003B45E4 /* TryOperation.m */; };
		CD4EA8C11D6BE556003B45E4 /* NSSortedDictionary.swift in Sources */ = {isa = PBXBuildFile; fileRef = CD4EA8C01D6BE556003B45E4 /* NSSortedDictionary.swift */; };
		CD4EA8C61D6BE607003B45E4 /* UIAlertController.swift in Sources */ = {isa = PBXBuildFile; fileRef = CDD116191D592A93004A9DBC /* UIAlertController.swift */; };
		CD4EA8C71D6BE607003B45E4 /* UIApplication.swift in Sources */ = {isa = PBXBuildFile; fileRef = CDD1161A1D592A93004A9DBC /* UIApplication.swift */; };
		CD4EA8C81D6BE607003B45E4 /* UIBarButtonItem.swift in Sources */ = {isa = PBXBuildFile; fileRef = CDD1161B1D592A93004A9DBC /* UIBarButtonItem.swift */; };
		CD4EA8C91D6BE607003B45E4 /* UIColor.swift in Sources */ = {isa = PBXBuildFile; fileRef = CDD1161C1D592A93004A9DBC /* UIColor.swift */; };
		CD4EA8CA1D6BE607003B45E4 /* UIDevice.swift in Sources */ = {isa = PBXBuildFile; fileRef = CDD1161D1D592A93004A9DBC /* UIDevice.swift */; };
		CD4EA8CB1D6BE607003B45E4 /* UIFont.swift in Sources */ = {isa = PBXBuildFile; fileRef = CDD1161F1D592A93004A9DBC /* UIFont.swift */; };
		CD4EA8CC1D6BE607003B45E4 /* UIImage.swift in Sources */ = {isa = PBXBuildFile; fileRef = CDD116201D592A93004A9DBC /* UIImage.swift */; };
		CD4EA8CD1D6BE607003B45E4 /* UIInterfaceOrientation.swift in Sources */ = {isa = PBXBuildFile; fileRef = CD3894EB1D66294700E03CDC /* UIInterfaceOrientation.swift */; };
		CD4EA8CE1D6BE607003B45E4 /* UILabel.swift in Sources */ = {isa = PBXBuildFile; fileRef = CDD116211D592A93004A9DBC /* UILabel.swift */; };
		CD4EA8CF1D6BE607003B45E4 /* UINavigationController.swift in Sources */ = {isa = PBXBuildFile; fileRef = CDD116221D592A93004A9DBC /* UINavigationController.swift */; };
		CD4EA8D01D6BE607003B45E4 /* UIScreen.swift in Sources */ = {isa = PBXBuildFile; fileRef = CDD116241D592A93004A9DBC /* UIScreen.swift */; };
		CD4EA8D11D6BE607003B45E4 /* UITableView.swift in Sources */ = {isa = PBXBuildFile; fileRef = CDD116251D592A93004A9DBC /* UITableView.swift */; };
		CD4EA8D21D6BE607003B45E4 /* UITextInput.swift in Sources */ = {isa = PBXBuildFile; fileRef = CDD116261D592A93004A9DBC /* UITextInput.swift */; };
		CD4EA8D31D6BE607003B45E4 /* UITextView.swift in Sources */ = {isa = PBXBuildFile; fileRef = CDD116271D592A93004A9DBC /* UITextView.swift */; };
		CD4EA8D41D6BE607003B45E4 /* UIToolbar.swift in Sources */ = {isa = PBXBuildFile; fileRef = CDD116281D592A93004A9DBC /* UIToolbar.swift */; };
		CD4EA8D51D6BE607003B45E4 /* UIView.swift in Sources */ = {isa = PBXBuildFile; fileRef = CDD116291D592A93004A9DBC /* UIView.swift */; };
		CD4EA8D61D6BE607003B45E4 /* UIViewController.swift in Sources */ = {isa = PBXBuildFile; fileRef = CDD1162A1D592A93004A9DBC /* UIViewController.swift */; };
		CD4EA91B1D6BE86A003B45E4 /* UIPaddedTextField.swift in Sources */ = {isa = PBXBuildFile; fileRef = CD4EA91A1D6BE86A003B45E4 /* UIPaddedTextField.swift */; };
		CD4EA91E1D6D0962003B45E4 /* NSAttributeName.swift in Sources */ = {isa = PBXBuildFile; fileRef = CD4EA91D1D6D0962003B45E4 /* NSAttributeName.swift */; };
		CD6192991DB3E83B00E581E2 /* SortOrder.swift in Sources */ = {isa = PBXBuildFile; fileRef = CD6192981DB3E83B00E581E2 /* SortOrder.swift */; };
		CD74914C1D7CB47800F49594 /* PKBundle.swift in Sources */ = {isa = PBXBuildFile; fileRef = CD74914B1D7CB47800F49594 /* PKBundle.swift */; };
		CD7491591D7DFC8100F49594 /* NSSearchOptions.swift in Sources */ = {isa = PBXBuildFile; fileRef = CD7491581D7DFC8100F49594 /* NSSearchOptions.swift */; };
		CD9311B31D8068360058D4B6 /* Localizable.strings in Resources */ = {isa = PBXBuildFile; fileRef = CD9311B51D8068360058D4B6 /* Localizable.strings */; };
		CDC9BFE81DB2CAA500270764 /* Thread.swift in Sources */ = {isa = PBXBuildFile; fileRef = CDC9BFE71DB2CAA500270764 /* Thread.swift */; };
		CDD116C21D592CDB004A9DBC /* String.swift in Sources */ = {isa = PBXBuildFile; fileRef = CDD116181D592A93004A9DBC /* String.swift */; };
		CDD116C31D592CDB004A9DBC /* Dictionary.swift in Sources */ = {isa = PBXBuildFile; fileRef = CDD115FD1D592A93004A9DBC /* Dictionary.swift */; };
		CDD116C41D592CDB004A9DBC /* Hashable.swift in Sources */ = {isa = PBXBuildFile; fileRef = CDD115FE1D592A93004A9DBC /* Hashable.swift */; };
		CDD116C51D592CDB004A9DBC /* Any.swift in Sources */ = {isa = PBXBuildFile; fileRef = CDD115F41D592A93004A9DBC /* Any.swift */; };
		CDD116C61D592CDB004A9DBC /* Range.swift in Sources */ = {isa = PBXBuildFile; fileRef = CDD116151D592A93004A9DBC /* Range.swift */; };
		CDD116C71D592CDB004A9DBC /* Array.swift in Sources */ = {isa = PBXBuildFile; fileRef = CDD115F51D592A93004A9DBC /* Array.swift */; };
		CDD116C81D592CDB004A9DBC /* Bool.swift in Sources */ = {isa = PBXBuildFile; fileRef = CDD115F61D592A93004A9DBC /* Bool.swift */; };
		CDD116C91D592CDB004A9DBC /* OptionSetType.swift in Sources */ = {isa = PBXBuildFile; fileRef = CDD116141D592A93004A9DBC /* OptionSetType.swift */; };
		CDD116CA1D592CDB004A9DBC /* Math.swift in Sources */ = {isa = PBXBuildFile; fileRef = CDD115FF1D592A93004A9DBC /* Math.swift */; };
		CDD116CB1D592CDB004A9DBC /* NSAttributedString.swift in Sources */ = {isa = PBXBuildFile; fileRef = CDD116001D592A93004A9DBC /* NSAttributedString.swift */; };
		CDD116CC1D592CDB004A9DBC /* Bundle.swift in Sources */ = {isa = PBXBuildFile; fileRef = CDD116011D592A93004A9DBC /* Bundle.swift */; };
		CDD116CD1D592CDB004A9DBC /* Date.swift in Sources */ = {isa = PBXBuildFile; fileRef = CDD116021D592A93004A9DBC /* Date.swift */; };
		CDD116CF1D592CDB004A9DBC /* FileManager.swift in Sources */ = {isa = PBXBuildFile; fileRef = CDD116041D592A93004A9DBC /* FileManager.swift */; };
		CDD116D01D592CDB004A9DBC /* NSLayoutConstraint.swift in Sources */ = {isa = PBXBuildFile; fileRef = CDD116051D592A93004A9DBC /* NSLayoutConstraint.swift */; };
		CDD116D11D592CDB004A9DBC /* NSMetadataItem.swift in Sources */ = {isa = PBXBuildFile; fileRef = CDD116061D592A93004A9DBC /* NSMetadataItem.swift */; };
		CDD116D21D592CDB004A9DBC /* NSMutableAttributedString.swift in Sources */ = {isa = PBXBuildFile; fileRef = CDD116071D592A93004A9DBC /* NSMutableAttributedString.swift */; };
		CDD116D31D592CDB004A9DBC /* NSObject.swift in Sources */ = {isa = PBXBuildFile; fileRef = CDD116081D592A93004A9DBC /* NSObject.swift */; };
		CDD116D41D592CDB004A9DBC /* NSParagraphStyle.swift in Sources */ = {isa = PBXBuildFile; fileRef = CDD116091D592A93004A9DBC /* NSParagraphStyle.swift */; };
		CDD116D51D592CDB004A9DBC /* NSRange.swift in Sources */ = {isa = PBXBuildFile; fileRef = CDD1160A1D592A93004A9DBC /* NSRange.swift */; };
		CDD116D81D592CDB004A9DBC /* String.Encoding.swift in Sources */ = {isa = PBXBuildFile; fileRef = CDD1160D1D592A93004A9DBC /* String.Encoding.swift */; };
		CDD116D91D592CDB004A9DBC /* String.LineEnding.swift in Sources */ = {isa = PBXBuildFile; fileRef = CDD1160E1D592A93004A9DBC /* String.LineEnding.swift */; };
		CDD116DB1D592CDB004A9DBC /* UserDefaults.swift in Sources */ = {isa = PBXBuildFile; fileRef = CDD116101D592A93004A9DBC /* UserDefaults.swift */; };
		CDD116DC1D592CDD004A9DBC /* CGColor.swift in Sources */ = {isa = PBXBuildFile; fileRef = CDD115F71D592A93004A9DBC /* CGColor.swift */; };
		CDD116DD1D592CDD004A9DBC /* CGPoint.swift in Sources */ = {isa = PBXBuildFile; fileRef = CDD115F81D592A93004A9DBC /* CGPoint.swift */; };
		CDD116DE1D592CDD004A9DBC /* CGRect.swift in Sources */ = {isa = PBXBuildFile; fileRef = CDD115F91D592A93004A9DBC /* CGRect.swift */; };
		CDD116DF1D592CDD004A9DBC /* CGSize.swift in Sources */ = {isa = PBXBuildFile; fileRef = CDD115FA1D592A93004A9DBC /* CGSize.swift */; };
		CDD116E01D592CDF004A9DBC /* Operators.swift in Sources */ = {isa = PBXBuildFile; fileRef = CDD116131D592A93004A9DBC /* Operators.swift */; };
		CDD116E31D592CDF004A9DBC /* UInt256.swift in Sources */ = {isa = PBXBuildFile; fileRef = CDD116231D592A93004A9DBC /* UInt256.swift */; };
		CDD116E41D592CDF004A9DBC /* UTCoreTypes.swift in Sources */ = {isa = PBXBuildFile; fileRef = CDD1162B1D592A93004A9DBC /* UTCoreTypes.swift */; };
		CDD116EA1D592CE3004A9DBC /* UIFilterView.swift in Sources */ = {isa = PBXBuildFile; fileRef = CDD1161E1D592A93004A9DBC /* UIFilterView.swift */; };
		CDD116F71D592CF1004A9DBC /* PastaKit.h in Headers */ = {isa = PBXBuildFile; fileRef = CDD115FB1D592A93004A9DBC /* PastaKit.h */; settings = {ATTRIBUTES = (Public, ); }; };
		CDF2EF3F1DAFECAD0001438E /* Unicode.swift in Sources */ = {isa = PBXBuildFile; fileRef = CDF2EF3E1DAFECAD0001438E /* Unicode.swift */; };
		CDF2EF411DAFF0630001438E /* UITableViewCell.swift in Sources */ = {isa = PBXBuildFile; fileRef = CDF2EF401DAFF0630001438E /* UITableViewCell.swift */; };
/* End PBXBuildFile section */

/* Begin PBXFileReference section */
		CD0437741D887746007A7461 /* MIMEType.swift */ = {isa = PBXFileReference; fileEncoding = 4; lastKnownFileType = sourcecode.swift; path = MIMEType.swift; sourceTree = "<group>"; };
		CD0F813C1D5F712E00736E69 /* CFRepresentable.swift */ = {isa = PBXFileReference; fileEncoding = 4; lastKnownFileType = sourcecode.swift; lineEnding = 0; path = CFRepresentable.swift; sourceTree = "<group>"; };
		CD100AA61E8D8E1600615D7D /* UIEdgeInsets.swift */ = {isa = PBXFileReference; fileEncoding = 4; lastKnownFileType = sourcecode.swift; path = UIEdgeInsets.swift; sourceTree = "<group>"; };
		CD17D9541DAEA7D700580E92 /* URL.swift */ = {isa = PBXFileReference; fileEncoding = 4; lastKnownFileType = sourcecode.swift; path = URL.swift; sourceTree = "<group>"; };
		CD2907E51D627836000DD8B7 /* NSCoder.swift */ = {isa = PBXFileReference; fileEncoding = 4; lastKnownFileType = sourcecode.swift; path = NSCoder.swift; sourceTree = "<group>"; };
		CD2907E71D627C61000DD8B7 /* SortedArray.swift */ = {isa = PBXFileReference; fileEncoding = 4; lastKnownFileType = sourcecode.swift; path = SortedArray.swift; sourceTree = "<group>"; };
		CD2907E91D627C88000DD8B7 /* SortedDictionary.swift */ = {isa = PBXFileReference; fileEncoding = 4; lastKnownFileType = sourcecode.swift; path = SortedDictionary.swift; sourceTree = "<group>"; };
		CD2D2F1D1E9BD5750069A81E /* PastaKit.swift */ = {isa = PBXFileReference; fileEncoding = 4; lastKnownFileType = sourcecode.swift; path = PastaKit.swift; sourceTree = "<group>"; };
		CD30FDC01D74DC200087E68F /* PKPopoverPresentationController.swift */ = {isa = PBXFileReference; fileEncoding = 4; lastKnownFileType = sourcecode.swift; path = PKPopoverPresentationController.swift; sourceTree = "<group>"; };
		CD30FDC21D74DC470087E68F /* LocalizedStrings.swift */ = {isa = PBXFileReference; fileEncoding = 4; lastKnownFileType = sourcecode.swift; path = LocalizedStrings.swift; sourceTree = "<group>"; };
		CD379B1E1DB9176600124712 /* Comparable.swift */ = {isa = PBXFileReference; fileEncoding = 4; lastKnownFileType = sourcecode.swift; path = Comparable.swift; sourceTree = "<group>"; };
		CD3894EB1D66294700E03CDC /* UIInterfaceOrientation.swift */ = {isa = PBXFileReference; fileEncoding = 4; lastKnownFileType = sourcecode.swift; path = UIInterfaceOrientation.swift; sourceTree = "<group>"; };
		CD3894EF1D662BF000E03CDC /* NSString.swift */ = {isa = PBXFileReference; fileEncoding = 4; lastKnownFileType = sourcecode.swift; path = NSString.swift; sourceTree = "<group>"; };
		CD39B1AA1DAC439900D0F8BF /* CountableRange.swift */ = {isa = PBXFileReference; fileEncoding = 4; lastKnownFileType = sourcecode.swift; path = CountableRange.swift; sourceTree = "<group>"; };
		CD39B1AC1DAD44C700D0F8BF /* Notification.swift */ = {isa = PBXFileReference; fileEncoding = 4; lastKnownFileType = sourcecode.swift; path = Notification.swift; sourceTree = "<group>"; };
		CD39BE9C1D60E01500E8FB50 /* PKStackView.swift */ = {isa = PBXFileReference; fileEncoding = 4; lastKnownFileType = sourcecode.swift; path = PKStackView.swift; sourceTree = "<group>"; };
		CD39BE9E1D60E25E00E8FB50 /* PKFileManager.swift */ = {isa = PBXFileReference; fileEncoding = 4; lastKnownFileType = sourcecode.swift; path = PKFileManager.swift; sourceTree = "<group>"; };
		CD39BED71D6110F700E8FB50 /* UIZoomingScrollView.swift */ = {isa = PBXFileReference; fileEncoding = 4; lastKnownFileType = sourcecode.swift; path = UIZoomingScrollView.swift; sourceTree = "<group>"; };
		CD3AEF3C1D874D6300E3DBB4 /* SeparableOptionSetType.swift */ = {isa = PBXFileReference; fileEncoding = 4; lastKnownFileType = sourcecode.swift; path = SeparableOptionSetType.swift; sourceTree = "<group>"; };
		CD4EA8B91D6BE519003B45E4 /* NSSortedArray.swift */ = {isa = PBXFileReference; fileEncoding = 4; lastKnownFileType = sourcecode.swift; path = NSSortedArray.swift; sourceTree = "<group>"; };
		CD4EA8BB1D6BE52A003B45E4 /* TryOperation.h */ = {isa = PBXFileReference; fileEncoding = 4; lastKnownFileType = sourcecode.c.h; path = TryOperation.h; sourceTree = "<group>"; };
		CD4EA8BC1D6BE52A003B45E4 /* TryOperation.m */ = {isa = PBXFileReference; fileEncoding = 4; lastKnownFileType = sourcecode.c.objc; path = TryOperation.m; sourceTree = "<group>"; };
		CD4EA8C01D6BE556003B45E4 /* NSSortedDictionary.swift */ = {isa = PBXFileReference; fileEncoding = 4; lastKnownFileType = sourcecode.swift; path = NSSortedDictionary.swift; sourceTree = "<group>"; };
		CD4EA91A1D6BE86A003B45E4 /* UIPaddedTextField.swift */ = {isa = PBXFileReference; fileEncoding = 4; lastKnownFileType = sourcecode.swift; path = UIPaddedTextField.swift; sourceTree = "<group>"; };
		CD4EA91D1D6D0962003B45E4 /* NSAttributeName.swift */ = {isa = PBXFileReference; fileEncoding = 4; lastKnownFileType = sourcecode.swift; path = NSAttributeName.swift; sourceTree = "<group>"; };
		CD6192981DB3E83B00E581E2 /* SortOrder.swift */ = {isa = PBXFileReference; fileEncoding = 4; lastKnownFileType = sourcecode.swift; path = SortOrder.swift; sourceTree = "<group>"; };
		CD74914B1D7CB47800F49594 /* PKBundle.swift */ = {isa = PBXFileReference; fileEncoding = 4; lastKnownFileType = sourcecode.swift; path = PKBundle.swift; sourceTree = "<group>"; };
		CD7491581D7DFC8100F49594 /* NSSearchOptions.swift */ = {isa = PBXFileReference; fileEncoding = 4; lastKnownFileType = sourcecode.swift; path = NSSearchOptions.swift; sourceTree = "<group>"; };
		CD9311B41D8068360058D4B6 /* Base */ = {isa = PBXFileReference; lastKnownFileType = text.plist.strings; name = Base; path = Base.lproj/Localizable.strings; sourceTree = "<group>"; };
		CD9311B61D80683F0058D4B6 /* es */ = {isa = PBXFileReference; lastKnownFileType = text.plist.strings; name = es; path = es.lproj/Localizable.strings; sourceTree = "<group>"; };
		CDBBB1A01D6E784700093684 /* PastaKit.podspec */ = {isa = PBXFileReference; fileEncoding = 4; lastKnownFileType = text; path = PastaKit.podspec; sourceTree = "<group>"; };
		CDBBB1A21D6E794900093684 /* README.md */ = {isa = PBXFileReference; fileEncoding = 4; lastKnownFileType = net.daringfireball.markdown; path = README.md; sourceTree = "<group>"; };
		CDBBB1E61D6EA27C00093684 /* LICENSE */ = {isa = PBXFileReference; fileEncoding = 4; lastKnownFileType = text; path = LICENSE; sourceTree = "<group>"; };
		CDC9BFE71DB2CAA500270764 /* Thread.swift */ = {isa = PBXFileReference; fileEncoding = 4; lastKnownFileType = sourcecode.swift; path = Thread.swift; sourceTree = "<group>"; };
		CDD115F41D592A93004A9DBC /* Any.swift */ = {isa = PBXFileReference; fileEncoding = 4; lastKnownFileType = sourcecode.swift; path = Any.swift; sourceTree = "<group>"; };
		CDD115F51D592A93004A9DBC /* Array.swift */ = {isa = PBXFileReference; fileEncoding = 4; lastKnownFileType = sourcecode.swift; path = Array.swift; sourceTree = "<group>"; };
		CDD115F61D592A93004A9DBC /* Bool.swift */ = {isa = PBXFileReference; fileEncoding = 4; lastKnownFileType = sourcecode.swift; path = Bool.swift; sourceTree = "<group>"; };
		CDD115F71D592A93004A9DBC /* CGColor.swift */ = {isa = PBXFileReference; fileEncoding = 4; lastKnownFileType = sourcecode.swift; lineEnding = 0; path = CGColor.swift; sourceTree = "<group>"; xcLanguageSpecificationIdentifier = xcode.lang.swift; };
		CDD115F81D592A93004A9DBC /* CGPoint.swift */ = {isa = PBXFileReference; fileEncoding = 4; lastKnownFileType = sourcecode.swift; lineEnding = 0; path = CGPoint.swift; sourceTree = "<group>"; xcLanguageSpecificationIdentifier = xcode.lang.swift; };
		CDD115F91D592A93004A9DBC /* CGRect.swift */ = {isa = PBXFileReference; fileEncoding = 4; lastKnownFileType = sourcecode.swift; path = CGRect.swift; sourceTree = "<group>"; };
		CDD115FA1D592A93004A9DBC /* CGSize.swift */ = {isa = PBXFileReference; fileEncoding = 4; lastKnownFileType = sourcecode.swift; path = CGSize.swift; sourceTree = "<group>"; };
		CDD115FB1D592A93004A9DBC /* PastaKit.h */ = {isa = PBXFileReference; fileEncoding = 4; lastKnownFileType = sourcecode.c.h; path = PastaKit.h; sourceTree = "<group>"; };
		CDD115FD1D592A93004A9DBC /* Dictionary.swift */ = {isa = PBXFileReference; fileEncoding = 4; lastKnownFileType = sourcecode.swift; path = Dictionary.swift; sourceTree = "<group>"; };
		CDD115FE1D592A93004A9DBC /* Hashable.swift */ = {isa = PBXFileReference; fileEncoding = 4; lastKnownFileType = sourcecode.swift; lineEnding = 0; path = Hashable.swift; sourceTree = "<group>"; xcLanguageSpecificationIdentifier = xcode.lang.swift; };
		CDD115FF1D592A93004A9DBC /* Math.swift */ = {isa = PBXFileReference; fileEncoding = 4; lastKnownFileType = sourcecode.swift; path = Math.swift; sourceTree = "<group>"; };
		CDD116001D592A93004A9DBC /* NSAttributedString.swift */ = {isa = PBXFileReference; fileEncoding = 4; lastKnownFileType = sourcecode.swift; path = NSAttributedString.swift; sourceTree = "<group>"; };
		CDD116011D592A93004A9DBC /* Bundle.swift */ = {isa = PBXFileReference; fileEncoding = 4; lastKnownFileType = sourcecode.swift; path = Bundle.swift; sourceTree = "<group>"; };
		CDD116021D592A93004A9DBC /* Date.swift */ = {isa = PBXFileReference; fileEncoding = 4; lastKnownFileType = sourcecode.swift; path = Date.swift; sourceTree = "<group>"; };
		CDD116041D592A93004A9DBC /* FileManager.swift */ = {isa = PBXFileReference; fileEncoding = 4; lastKnownFileType = sourcecode.swift; path = FileManager.swift; sourceTree = "<group>"; };
		CDD116051D592A93004A9DBC /* NSLayoutConstraint.swift */ = {isa = PBXFileReference; fileEncoding = 4; lastKnownFileType = sourcecode.swift; path = NSLayoutConstraint.swift; sourceTree = "<group>"; };
		CDD116061D592A93004A9DBC /* NSMetadataItem.swift */ = {isa = PBXFileReference; fileEncoding = 4; lastKnownFileType = sourcecode.swift; path = NSMetadataItem.swift; sourceTree = "<group>"; };
		CDD116071D592A93004A9DBC /* NSMutableAttributedString.swift */ = {isa = PBXFileReference; fileEncoding = 4; lastKnownFileType = sourcecode.swift; path = NSMutableAttributedString.swift; sourceTree = "<group>"; };
		CDD116081D592A93004A9DBC /* NSObject.swift */ = {isa = PBXFileReference; fileEncoding = 4; lastKnownFileType = sourcecode.swift; path = NSObject.swift; sourceTree = "<group>"; };
		CDD116091D592A93004A9DBC /* NSParagraphStyle.swift */ = {isa = PBXFileReference; fileEncoding = 4; lastKnownFileType = sourcecode.swift; path = NSParagraphStyle.swift; sourceTree = "<group>"; };
		CDD1160A1D592A93004A9DBC /* NSRange.swift */ = {isa = PBXFileReference; fileEncoding = 4; lastKnownFileType = sourcecode.swift; path = NSRange.swift; sourceTree = "<group>"; };
		CDD1160D1D592A93004A9DBC /* String.Encoding.swift */ = {isa = PBXFileReference; fileEncoding = 4; lastKnownFileType = sourcecode.swift; path = String.Encoding.swift; sourceTree = "<group>"; };
		CDD1160E1D592A93004A9DBC /* String.LineEnding.swift */ = {isa = PBXFileReference; fileEncoding = 4; lastKnownFileType = sourcecode.swift; path = String.LineEnding.swift; sourceTree = "<group>"; };
		CDD116101D592A93004A9DBC /* UserDefaults.swift */ = {isa = PBXFileReference; fileEncoding = 4; lastKnownFileType = sourcecode.swift; path = UserDefaults.swift; sourceTree = "<group>"; };
		CDD116131D592A93004A9DBC /* Operators.swift */ = {isa = PBXFileReference; fileEncoding = 4; lastKnownFileType = sourcecode.swift; path = Operators.swift; sourceTree = "<group>"; };
		CDD116141D592A93004A9DBC /* OptionSetType.swift */ = {isa = PBXFileReference; fileEncoding = 4; lastKnownFileType = sourcecode.swift; path = OptionSetType.swift; sourceTree = "<group>"; };
		CDD116151D592A93004A9DBC /* Range.swift */ = {isa = PBXFileReference; fileEncoding = 4; lastKnownFileType = sourcecode.swift; path = Range.swift; sourceTree = "<group>"; };
		CDD116181D592A93004A9DBC /* String.swift */ = {isa = PBXFileReference; fileEncoding = 4; lastKnownFileType = sourcecode.swift; path = String.swift; sourceTree = "<group>"; };
		CDD116191D592A93004A9DBC /* UIAlertController.swift */ = {isa = PBXFileReference; fileEncoding = 4; lastKnownFileType = sourcecode.swift; path = UIAlertController.swift; sourceTree = "<group>"; };
		CDD1161A1D592A93004A9DBC /* UIApplication.swift */ = {isa = PBXFileReference; fileEncoding = 4; lastKnownFileType = sourcecode.swift; path = UIApplication.swift; sourceTree = "<group>"; };
		CDD1161B1D592A93004A9DBC /* UIBarButtonItem.swift */ = {isa = PBXFileReference; fileEncoding = 4; lastKnownFileType = sourcecode.swift; path = UIBarButtonItem.swift; sourceTree = "<group>"; };
		CDD1161C1D592A93004A9DBC /* UIColor.swift */ = {isa = PBXFileReference; fileEncoding = 4; lastKnownFileType = sourcecode.swift; path = UIColor.swift; sourceTree = "<group>"; };
		CDD1161D1D592A93004A9DBC /* UIDevice.swift */ = {isa = PBXFileReference; fileEncoding = 4; lastKnownFileType = sourcecode.swift; path = UIDevice.swift; sourceTree = "<group>"; };
		CDD1161E1D592A93004A9DBC /* UIFilterView.swift */ = {isa = PBXFileReference; fileEncoding = 4; lastKnownFileType = sourcecode.swift; path = UIFilterView.swift; sourceTree = "<group>"; };
		CDD1161F1D592A93004A9DBC /* UIFont.swift */ = {isa = PBXFileReference; fileEncoding = 4; lastKnownFileType = sourcecode.swift; path = UIFont.swift; sourceTree = "<group>"; };
		CDD116201D592A93004A9DBC /* UIImage.swift */ = {isa = PBXFileReference; fileEncoding = 4; lastKnownFileType = sourcecode.swift; path = UIImage.swift; sourceTree = "<group>"; };
		CDD116211D592A93004A9DBC /* UILabel.swift */ = {isa = PBXFileReference; fileEncoding = 4; lastKnownFileType = sourcecode.swift; path = UILabel.swift; sourceTree = "<group>"; };
		CDD116221D592A93004A9DBC /* UINavigationController.swift */ = {isa = PBXFileReference; fileEncoding = 4; lastKnownFileType = sourcecode.swift; path = UINavigationController.swift; sourceTree = "<group>"; };
		CDD116231D592A93004A9DBC /* UInt256.swift */ = {isa = PBXFileReference; fileEncoding = 4; lastKnownFileType = sourcecode.swift; path = UInt256.swift; sourceTree = "<group>"; };
		CDD116241D592A93004A9DBC /* UIScreen.swift */ = {isa = PBXFileReference; fileEncoding = 4; lastKnownFileType = sourcecode.swift; path = UIScreen.swift; sourceTree = "<group>"; };
		CDD116251D592A93004A9DBC /* UITableView.swift */ = {isa = PBXFileReference; fileEncoding = 4; lastKnownFileType = sourcecode.swift; path = UITableView.swift; sourceTree = "<group>"; };
		CDD116261D592A93004A9DBC /* UITextInput.swift */ = {isa = PBXFileReference; fileEncoding = 4; lastKnownFileType = sourcecode.swift; path = UITextInput.swift; sourceTree = "<group>"; };
		CDD116271D592A93004A9DBC /* UITextView.swift */ = {isa = PBXFileReference; fileEncoding = 4; lastKnownFileType = sourcecode.swift; path = UITextView.swift; sourceTree = "<group>"; };
		CDD116281D592A93004A9DBC /* UIToolbar.swift */ = {isa = PBXFileReference; fileEncoding = 4; lastKnownFileType = sourcecode.swift; path = UIToolbar.swift; sourceTree = "<group>"; };
		CDD116291D592A93004A9DBC /* UIView.swift */ = {isa = PBXFileReference; fileEncoding = 4; lastKnownFileType = sourcecode.swift; path = UIView.swift; sourceTree = "<group>"; };
		CDD1162A1D592A93004A9DBC /* UIViewController.swift */ = {isa = PBXFileReference; fileEncoding = 4; lastKnownFileType = sourcecode.swift; path = UIViewController.swift; sourceTree = "<group>"; };
		CDD1162B1D592A93004A9DBC /* UTCoreTypes.swift */ = {isa = PBXFileReference; fileEncoding = 4; lastKnownFileType = sourcecode.swift; path = UTCoreTypes.swift; sourceTree = "<group>"; };
		CDD116BA1D592C9F004A9DBC /* PastaKit.framework */ = {isa = PBXFileReference; explicitFileType = wrapper.framework; includeInIndex = 0; path = PastaKit.framework; sourceTree = BUILT_PRODUCTS_DIR; };
		CDD116BE1D592C9F004A9DBC /* Info.plist */ = {isa = PBXFileReference; lastKnownFileType = text.plist.xml; path = Info.plist; sourceTree = "<group>"; };
		CDF2EF3E1DAFECAD0001438E /* Unicode.swift */ = {isa = PBXFileReference; fileEncoding = 4; lastKnownFileType = sourcecode.swift; path = Unicode.swift; sourceTree = "<group>"; };
		CDF2EF401DAFF0630001438E /* UITableViewCell.swift */ = {isa = PBXFileReference; fileEncoding = 4; lastKnownFileType = sourcecode.swift; path = UITableViewCell.swift; sourceTree = "<group>"; };
/* End PBXFileReference section */

/* Begin PBXFrameworksBuildPhase section */
		CDD116B61D592C9F004A9DBC /* Frameworks */ = {
			isa = PBXFrameworksBuildPhase;
			buildActionMask = 2147483647;
			files = (
			);
			runOnlyForDeploymentPostprocessing = 0;
		};
/* End PBXFrameworksBuildPhase section */

/* Begin PBXGroup section */
		607FACC71AFB9204008FA782 = {
			isa = PBXGroup;
			children = (
				CDBBB1E51D6EA21D00093684 /* CocoaPod Files */,
				CDD116711D592B95004A9DBC /* Source */,
				CDD116F91D592CFD004A9DBC /* Products */,
			);
			sourceTree = "<group>";
		};
		CD0F81401D5F782C00736E69 /* Class Extensions */ = {
			isa = PBXGroup;
			children = (
				CD30FDBB1D749EBE0087E68F /* ObjC */,
				CD0F81411D5F783B00736E69 /* Swift */,
			);
			name = "Class Extensions";
			sourceTree = "<group>";
		};
		CD0F81411D5F783B00736E69 /* Swift */ = {
			isa = PBXGroup;
			children = (
				CDD116AF1D592C08004A9DBC /* Native */,
				CDD116641D592A9D004A9DBC /* Foundation */,
				CDD116651D592AAB004A9DBC /* Core Graphics */,
				CDD116B01D592C12004A9DBC /* UIKit */,
			);
			name = Swift;
			sourceTree = "<group>";
		};
		CD0F81421D5F784F00736E69 /* Swift */ = {
			isa = PBXGroup;
			children = (
				CD0F813C1D5F712E00736E69 /* CFRepresentable.swift */,
				CD74914B1D7CB47800F49594 /* PKBundle.swift */,
				CD39BE9E1D60E25E00E8FB50 /* PKFileManager.swift */,
				CD30FDC01D74DC200087E68F /* PKPopoverPresentationController.swift */,
				CD39BE9C1D60E01500E8FB50 /* PKStackView.swift */,
				CD4EA91D1D6D0962003B45E4 /* NSAttributeName.swift */,
				CD7491581D7DFC8100F49594 /* NSSearchOptions.swift */,
				CDD116131D592A93004A9DBC /* Operators.swift */,
				CD3AEF3C1D874D6300E3DBB4 /* SeparableOptionSetType.swift */,
				CD2907EB1D627CCA000DD8B7 /* Sorted Array */,
				CD2907EC1D627CD0000DD8B7 /* Sorted Dictionary */,
				CDD1161E1D592A93004A9DBC /* UIFilterView.swift */,
				CDD116231D592A93004A9DBC /* UInt256.swift */,
				CD4EA91A1D6BE86A003B45E4 /* UIPaddedTextField.swift */,
				CD39BED71D6110F700E8FB50 /* UIZoomingScrollView.swift */,
				CDD1162B1D592A93004A9DBC /* UTCoreTypes.swift */,
				CDF2EF3E1DAFECAD0001438E /* Unicode.swift */,
			);
			name = Swift;
			sourceTree = "<group>";
		};
		CD2907EB1D627CCA000DD8B7 /* Sorted Array */ = {
			isa = PBXGroup;
			children = (
				CD6192981DB3E83B00E581E2 /* SortOrder.swift */,
				CD4EA8B91D6BE519003B45E4 /* NSSortedArray.swift */,
				CD2907E71D627C61000DD8B7 /* SortedArray.swift */,
			);
			name = "Sorted Array";
			sourceTree = "<group>";
		};
		CD2907EC1D627CD0000DD8B7 /* Sorted Dictionary */ = {
			isa = PBXGroup;
			children = (
				CD4EA8C01D6BE556003B45E4 /* NSSortedDictionary.swift */,
				CD2907E91D627C88000DD8B7 /* SortedDictionary.swift */,
			);
			name = "Sorted Dictionary";
			sourceTree = "<group>";
		};
		CD30FDBB1D749EBE0087E68F /* ObjC */ = {
			isa = PBXGroup;
			children = (
			);
			name = ObjC;
			sourceTree = "<group>";
		};
		CDBBB1E51D6EA21D00093684 /* CocoaPod Files */ = {
			isa = PBXGroup;
			children = (
				CDBBB1E61D6EA27C00093684 /* LICENSE */,
				CDBBB1A21D6E794900093684 /* README.md */,
				CDBBB1A01D6E784700093684 /* PastaKit.podspec */,
			);
			name = "CocoaPod Files";
			sourceTree = SOURCE_ROOT;
		};
		CDD116641D592A9D004A9DBC /* Foundation */ = {
			isa = PBXGroup;
			children = (
				CDD116011D592A93004A9DBC /* Bundle.swift */,
				CDD116021D592A93004A9DBC /* Date.swift */,
				CDD116041D592A93004A9DBC /* FileManager.swift */,
				CDD116001D592A93004A9DBC /* NSAttributedString.swift */,
				CD2907E51D627836000DD8B7 /* NSCoder.swift */,
				CDD116051D592A93004A9DBC /* NSLayoutConstraint.swift */,
				CDD116061D592A93004A9DBC /* NSMetadataItem.swift */,
				CDD116071D592A93004A9DBC /* NSMutableAttributedString.swift */,
				CDD116081D592A93004A9DBC /* NSObject.swift */,
				CDD116091D592A93004A9DBC /* NSParagraphStyle.swift */,
				CDD1160A1D592A93004A9DBC /* NSRange.swift */,
				CD3894EF1D662BF000E03CDC /* NSString.swift */,
				CDD1160D1D592A93004A9DBC /* String.Encoding.swift */,
				CDD1160E1D592A93004A9DBC /* String.LineEnding.swift */,
			);
			name = Foundation;
			sourceTree = "<group>";
		};
		CDD116651D592AAB004A9DBC /* Core Graphics */ = {
			isa = PBXGroup;
			children = (
				CDD115F71D592A93004A9DBC /* CGColor.swift */,
				CDD115F81D592A93004A9DBC /* CGPoint.swift */,
				CDD115F91D592A93004A9DBC /* CGRect.swift */,
				CDD115FA1D592A93004A9DBC /* CGSize.swift */,
			);
			name = "Core Graphics";
			sourceTree = "<group>";
		};
		CDD116671D592ABE004A9DBC /* ObjC */ = {
			isa = PBXGroup;
			children = (
				CD0437741D887746007A7461 /* MIMEType.swift */,
				CDD116681D592AC7004A9DBC /* ObjCTry */,
			);
			name = ObjC;
			sourceTree = "<group>";
		};
		CDD116681D592AC7004A9DBC /* ObjCTry */ = {
			isa = PBXGroup;
			children = (
				CD4EA8BB1D6BE52A003B45E4 /* TryOperation.h */,
				CD4EA8BC1D6BE52A003B45E4 /* TryOperation.m */,
			);
			name = ObjCTry;
			sourceTree = "<group>";
		};
		CDD116711D592B95004A9DBC /* Source */ = {
			isa = PBXGroup;
			children = (
				CDD115FB1D592A93004A9DBC /* PastaKit.h */,
				CD2D2F1D1E9BD5750069A81E /* PastaKit.swift */,
				CD30FDC21D74DC470087E68F /* LocalizedStrings.swift */,
				CDD116B11D592C22004A9DBC /* Custom Classes */,
				CD0F81401D5F782C00736E69 /* Class Extensions */,
				CDD116B41D592C52004A9DBC /* Supporting Files */,
			);
			name = Source;
			path = PastaKit;
			sourceTree = SOURCE_ROOT;
		};
		CDD116AF1D592C08004A9DBC /* Native */ = {
			isa = PBXGroup;
			children = (
				CDD115F41D592A93004A9DBC /* Any.swift */,
				CDD115F51D592A93004A9DBC /* Array.swift */,
				CDD115F61D592A93004A9DBC /* Bool.swift */,
				CD39B1AA1DAC439900D0F8BF /* CountableRange.swift */,
				CDD115FD1D592A93004A9DBC /* Dictionary.swift */,
				CDD115FE1D592A93004A9DBC /* Hashable.swift */,
				CDD115FF1D592A93004A9DBC /* Math.swift */,
				CD39B1AC1DAD44C700D0F8BF /* Notification.swift */,
				CDD116141D592A93004A9DBC /* OptionSetType.swift */,
				CDD116151D592A93004A9DBC /* Range.swift */,
				CDD116181D592A93004A9DBC /* String.swift */,
				CDC9BFE71DB2CAA500270764 /* Thread.swift */,
				CD17D9541DAEA7D700580E92 /* URL.swift */,
				CDD116101D592A93004A9DBC /* UserDefaults.swift */,
				CD379B1E1DB9176600124712 /* Comparable.swift */,
			);
			name = Native;
			sourceTree = "<group>";
		};
		CDD116B01D592C12004A9DBC /* UIKit */ = {
			isa = PBXGroup;
			children = (
				CDD116191D592A93004A9DBC /* UIAlertController.swift */,
				CDD1161A1D592A93004A9DBC /* UIApplication.swift */,
				CDD1161B1D592A93004A9DBC /* UIBarButtonItem.swift */,
				CDD1161C1D592A93004A9DBC /* UIColor.swift */,
				CDD1161D1D592A93004A9DBC /* UIDevice.swift */,
				CDD1161F1D592A93004A9DBC /* UIFont.swift */,
				CDD116201D592A93004A9DBC /* UIImage.swift */,
				CD3894EB1D66294700E03CDC /* UIInterfaceOrientation.swift */,
				CDD116211D592A93004A9DBC /* UILabel.swift */,
				CDD116221D592A93004A9DBC /* UINavigationController.swift */,
				CDD116241D592A93004A9DBC /* UIScreen.swift */,
				CDD116251D592A93004A9DBC /* UITableView.swift */,
				CDF2EF401DAFF0630001438E /* UITableViewCell.swift */,
				CDD116261D592A93004A9DBC /* UITextInput.swift */,
				CDD116271D592A93004A9DBC /* UITextView.swift */,
				CDD116281D592A93004A9DBC /* UIToolbar.swift */,
				CDD116291D592A93004A9DBC /* UIView.swift */,
				CDD1162A1D592A93004A9DBC /* UIViewController.swift */,
				CD100AA61E8D8E1600615D7D /* UIEdgeInsets.swift */,
			);
			name = UIKit;
			sourceTree = "<group>";
		};
		CDD116B11D592C22004A9DBC /* Custom Classes */ = {
			isa = PBXGroup;
			children = (
				CDD116671D592ABE004A9DBC /* ObjC */,
				CD0F81421D5F784F00736E69 /* Swift */,
			);
			name = "Custom Classes";
			sourceTree = "<group>";
		};
		CDD116B41D592C52004A9DBC /* Supporting Files */ = {
			isa = PBXGroup;
			children = (
				CDD116BE1D592C9F004A9DBC /* Info.plist */,
				CD9311B51D8068360058D4B6 /* Localizable.strings */,
			);
			name = "Supporting Files";
			sourceTree = "<group>";
		};
		CDD116F91D592CFD004A9DBC /* Products */ = {
			isa = PBXGroup;
			children = (
				CDD116BA1D592C9F004A9DBC /* PastaKit.framework */,
			);
			name = Products;
			sourceTree = SOURCE_ROOT;
		};
/* End PBXGroup section */

/* Begin PBXHeadersBuildPhase section */
		CDD116B71D592C9F004A9DBC /* Headers */ = {
			isa = PBXHeadersBuildPhase;
			buildActionMask = 2147483647;
			files = (
				CDD116F71D592CF1004A9DBC /* PastaKit.h in Headers */,
				CD4EA8BD1D6BE52A003B45E4 /* TryOperation.h in Headers */,
			);
			runOnlyForDeploymentPostprocessing = 0;
		};
/* End PBXHeadersBuildPhase section */

/* Begin PBXNativeTarget section */
		CDD116B91D592C9F004A9DBC /* PastaKit */ = {
			isa = PBXNativeTarget;
			buildConfigurationList = CDD116BF1D592C9F004A9DBC /* Build configuration list for PBXNativeTarget "PastaKit" */;
			buildPhases = (
				CDD116B51D592C9F004A9DBC /* Sources */,
				CDD116B61D592C9F004A9DBC /* Frameworks */,
				CDD116B71D592C9F004A9DBC /* Headers */,
				CDD116B81D592C9F004A9DBC /* Resources */,
			);
			buildRules = (
			);
			dependencies = (
			);
			name = PastaKit;
			productName = CoreNoodle;
			productReference = CDD116BA1D592C9F004A9DBC /* PastaKit.framework */;
			productType = "com.apple.product-type.framework";
		};
/* End PBXNativeTarget section */

/* Begin PBXProject section */
		607FACC81AFB9204008FA782 /* Project object */ = {
			isa = PBXProject;
			attributes = {
				CLASSPREFIX = PK;
				LastSwiftUpdateCheck = 0730;
				LastUpgradeCheck = 0800;
				ORGANIZATIONNAME = NoodleNation;
				TargetAttributes = {
					CDD116B91D592C9F004A9DBC = {
						CreatedOnToolsVersion = 7.3.1;
						LastSwiftMigration = 0800;
					};
				};
			};
			buildConfigurationList = 607FACCB1AFB9204008FA782 /* Build configuration list for PBXProject "PastaKit" */;
			compatibilityVersion = "Xcode 3.2";
			developmentRegion = English;
			hasScannedForEncodings = 0;
			knownRegions = (
				en,
				Base,
				es,
			);
			mainGroup = 607FACC71AFB9204008FA782;
			productRefGroup = 607FACC71AFB9204008FA782;
			projectDirPath = "";
			projectRoot = "";
			targets = (
				CDD116B91D592C9F004A9DBC /* PastaKit */,
			);
		};
/* End PBXProject section */

/* Begin PBXResourcesBuildPhase section */
		CDD116B81D592C9F004A9DBC /* Resources */ = {
			isa = PBXResourcesBuildPhase;
			buildActionMask = 2147483647;
			files = (
				CD9311B31D8068360058D4B6 /* Localizable.strings in Resources */,
			);
			runOnlyForDeploymentPostprocessing = 0;
		};
/* End PBXResourcesBuildPhase section */

/* Begin PBXSourcesBuildPhase section */
		CDD116B51D592C9F004A9DBC /* Sources */ = {
			isa = PBXSourcesBuildPhase;
			buildActionMask = 2147483647;
			files = (
				CD4EA8C71D6BE607003B45E4 /* UIApplication.swift in Sources */,
				CD2907EA1D627C88000DD8B7 /* SortedDictionary.swift in Sources */,
				CD4EA8C11D6BE556003B45E4 /* NSSortedDictionary.swift in Sources */,
				CDD116E41D592CDF004A9DBC /* UTCoreTypes.swift in Sources */,
				CD2D2F1E1E9BD5750069A81E /* PastaKit.swift in Sources */,
				CD7491591D7DFC8100F49594 /* NSSearchOptions.swift in Sources */,
				CDD116D91D592CDB004A9DBC /* String.LineEnding.swift in Sources */,
				CD4EA8CC1D6BE607003B45E4 /* UIImage.swift in Sources */,
				CD4EA8D31D6BE607003B45E4 /* UITextView.swift in Sources */,
				CDD116D11D592CDB004A9DBC /* NSMetadataItem.swift in Sources */,
				CD6192991DB3E83B00E581E2 /* SortOrder.swift in Sources */,
				CDF2EF411DAFF0630001438E /* UITableViewCell.swift in Sources */,
				CDD116DE1D592CDD004A9DBC /* CGRect.swift in Sources */,
				CD379B1F1DB9176600124712 /* Comparable.swift in Sources */,
				CDD116C51D592CDB004A9DBC /* Any.swift in Sources */,
				CD39BED81D6110F700E8FB50 /* UIZoomingScrollView.swift in Sources */,
				CDD116D51D592CDB004A9DBC /* NSRange.swift in Sources */,
				CD4EA8D11D6BE607003B45E4 /* UITableView.swift in Sources */,
				CD100AA71E8D8E1600615D7D /* UIEdgeInsets.swift in Sources */,
				CD4EA91B1D6BE86A003B45E4 /* UIPaddedTextField.swift in Sources */,
				CDD116E01D592CDF004A9DBC /* Operators.swift in Sources */,
				CDD116C21D592CDB004A9DBC /* String.swift in Sources */,
				CDD116D31D592CDB004A9DBC /* NSObject.swift in Sources */,
				CD30FDC31D74DC470087E68F /* LocalizedStrings.swift in Sources */,
				CD4EA8BE1D6BE52A003B45E4 /* TryOperation.m in Sources */,
				CDD116D21D592CDB004A9DBC /* NSMutableAttributedString.swift in Sources */,
				CDF2EF3F1DAFECAD0001438E /* Unicode.swift in Sources */,
				CDD116CA1D592CDB004A9DBC /* Math.swift in Sources */,
				CD4EA8CB1D6BE607003B45E4 /* UIFont.swift in Sources */,
				CD74914C1D7CB47800F49594 /* PKBundle.swift in Sources */,
				CDD116C41D592CDB004A9DBC /* Hashable.swift in Sources */,
				CDD116D01D592CDB004A9DBC /* NSLayoutConstraint.swift in Sources */,
				CD4EA8C61D6BE607003B45E4 /* UIAlertController.swift in Sources */,
				CDD116C71D592CDB004A9DBC /* Array.swift in Sources */,
				CDD116EA1D592CE3004A9DBC /* UIFilterView.swift in Sources */,
				CD0437751D887746007A7461 /* MIMEType.swift in Sources */,
				CD0F813D1D5F712E00736E69 /* CFRepresentable.swift in Sources */,
				CD4EA8BA1D6BE519003B45E4 /* NSSortedArray.swift in Sources */,
				CDD116CC1D592CDB004A9DBC /* Bundle.swift in Sources */,
				CDD116C31D592CDB004A9DBC /* Dictionary.swift in Sources */,
				CD4EA8CE1D6BE607003B45E4 /* UILabel.swift in Sources */,
				CDD116D41D592CDB004A9DBC /* NSParagraphStyle.swift in Sources */,
				CD4EA8D61D6BE607003B45E4 /* UIViewController.swift in Sources */,
				CD4EA8CD1D6BE607003B45E4 /* UIInterfaceOrientation.swift in Sources */,
				CDD116C91D592CDB004A9DBC /* OptionSetType.swift in Sources */,
				CD4EA8CF1D6BE607003B45E4 /* UINavigationController.swift in Sources */,
				CDD116D81D592CDB004A9DBC /* String.Encoding.swift in Sources */,
				CD3894F01D662BF000E03CDC /* NSString.swift in Sources */,
				CD3AEF3D1D874D6300E3DBB4 /* SeparableOptionSetType.swift in Sources */,
				CDD116CB1D592CDB004A9DBC /* NSAttributedString.swift in Sources */,
				CD4EA8D51D6BE607003B45E4 /* UIView.swift in Sources */,
				CDD116DF1D592CDD004A9DBC /* CGSize.swift in Sources */,
				CD4EA8D01D6BE607003B45E4 /* UIScreen.swift in Sources */,
				CD4EA8D41D6BE607003B45E4 /* UIToolbar.swift in Sources */,
				CDD116DC1D592CDD004A9DBC /* CGColor.swift in Sources */,
				CD39BE9F1D60E25E00E8FB50 /* PKFileManager.swift in Sources */,
				CD17D9551DAEA7D700580E92 /* URL.swift in Sources */,
				CD30FDC11D74DC200087E68F /* PKPopoverPresentationController.swift in Sources */,
				CD4EA91E1D6D0962003B45E4 /* NSAttributeName.swift in Sources */,
				CD4EA8D21D6BE607003B45E4 /* UITextInput.swift in Sources */,
				CD4EA8C81D6BE607003B45E4 /* UIBarButtonItem.swift in Sources */,
				CD4EA8C91D6BE607003B45E4 /* UIColor.swift in Sources */,
				CDC9BFE81DB2CAA500270764 /* Thread.swift in Sources */,
				CD39BE9D1D60E01500E8FB50 /* PKStackView.swift in Sources */,
				CDD116CF1D592CDB004A9DBC /* FileManager.swift in Sources */,
				CD2907E81D627C61000DD8B7 /* SortedArray.swift in Sources */,
				CD4EA8CA1D6BE607003B45E4 /* UIDevice.swift in Sources */,
				CD39B1AB1DAC439900D0F8BF /* CountableRange.swift in Sources */,
				CDD116C61D592CDB004A9DBC /* Range.swift in Sources */,
				CDD116DD1D592CDD004A9DBC /* CGPoint.swift in Sources */,
				CDD116E31D592CDF004A9DBC /* UInt256.swift in Sources */,
				CDD116DB1D592CDB004A9DBC /* UserDefaults.swift in Sources */,
				CD39B1AD1DAD44C700D0F8BF /* Notification.swift in Sources */,
				CD2907E61D627836000DD8B7 /* NSCoder.swift in Sources */,
				CDD116CD1D592CDB004A9DBC /* Date.swift in Sources */,
				CDD116C81D592CDB004A9DBC /* Bool.swift in Sources */,
			);
			runOnlyForDeploymentPostprocessing = 0;
		};
/* End PBXSourcesBuildPhase section */

/* Begin PBXVariantGroup section */
		CD9311B51D8068360058D4B6 /* Localizable.strings */ = {
			isa = PBXVariantGroup;
			children = (
				CD9311B41D8068360058D4B6 /* Base */,
				CD9311B61D80683F0058D4B6 /* es */,
			);
			name = Localizable.strings;
			sourceTree = "<group>";
		};
/* End PBXVariantGroup section */

/* Begin XCBuildConfiguration section */
		607FACED1AFB9204008FA782 /* Debug */ = {
			isa = XCBuildConfiguration;
			buildSettings = {
				ALWAYS_SEARCH_USER_PATHS = NO;
				CLANG_ALLOW_NON_MODULAR_INCLUDES_IN_FRAMEWORK_MODULES = YES;
				CLANG_ANALYZER_LOCALIZABILITY_NONLOCALIZED = YES;
				CLANG_CXX_LANGUAGE_STANDARD = "gnu++0x";
				CLANG_CXX_LIBRARY = "libc++";
				CLANG_ENABLE_MODULES = YES;
				CLANG_ENABLE_OBJC_ARC = YES;
				CLANG_WARN_BOOL_CONVERSION = YES;
				CLANG_WARN_CONSTANT_CONVERSION = YES;
				CLANG_WARN_DIRECT_OBJC_ISA_USAGE = YES_ERROR;
				CLANG_WARN_EMPTY_BODY = YES;
				CLANG_WARN_ENUM_CONVERSION = YES;
				CLANG_WARN_INFINITE_RECURSION = YES;
				CLANG_WARN_INT_CONVERSION = YES;
				CLANG_WARN_OBJC_ROOT_CLASS = YES_ERROR;
				CLANG_WARN_SUSPICIOUS_MOVE = YES;
				CLANG_WARN_UNREACHABLE_CODE = YES;
				CLANG_WARN__DUPLICATE_METHOD_MATCH = YES;
				CODE_SIGN_IDENTITY = "iPhone Developer";
				"CODE_SIGN_IDENTITY[sdk=iphoneos*]" = "iPhone Developer";
				COPY_PHASE_STRIP = NO;
				DEBUG_INFORMATION_FORMAT = "dwarf-with-dsym";
				ENABLE_STRICT_OBJC_MSGSEND = YES;
				ENABLE_TESTABILITY = YES;
				GCC_C_LANGUAGE_STANDARD = gnu99;
				GCC_DYNAMIC_NO_PIC = NO;
				GCC_NO_COMMON_BLOCKS = YES;
				GCC_OPTIMIZATION_LEVEL = 0;
				GCC_PREPROCESSOR_DEFINITIONS = (
					"DEBUG=1",
					"$(inherited)",
				);
				GCC_SYMBOLS_PRIVATE_EXTERN = NO;
				GCC_WARN_64_TO_32_BIT_CONVERSION = YES;
				GCC_WARN_ABOUT_RETURN_TYPE = YES_ERROR;
				GCC_WARN_UNDECLARED_SELECTOR = YES;
				GCC_WARN_UNINITIALIZED_AUTOS = YES_AGGRESSIVE;
				GCC_WARN_UNUSED_FUNCTION = YES;
				GCC_WARN_UNUSED_VARIABLE = YES;
				IPHONEOS_DEPLOYMENT_TARGET = 8.0;
				MTL_ENABLE_DEBUG_INFO = YES;
				ONLY_ACTIVE_ARCH = YES;
				SDKROOT = iphoneos;
				SWIFT_OPTIMIZATION_LEVEL = "-Onone";
				SWIFT_VERSION = 3.0.1;
			};
			name = Debug;
		};
		607FACEE1AFB9204008FA782 /* Release */ = {
			isa = XCBuildConfiguration;
			buildSettings = {
				ALWAYS_SEARCH_USER_PATHS = NO;
				CLANG_ALLOW_NON_MODULAR_INCLUDES_IN_FRAMEWORK_MODULES = YES;
				CLANG_ANALYZER_LOCALIZABILITY_NONLOCALIZED = YES;
				CLANG_CXX_LANGUAGE_STANDARD = "gnu++0x";
				CLANG_CXX_LIBRARY = "libc++";
				CLANG_ENABLE_MODULES = YES;
				CLANG_ENABLE_OBJC_ARC = YES;
				CLANG_WARN_BOOL_CONVERSION = YES;
				CLANG_WARN_CONSTANT_CONVERSION = YES;
				CLANG_WARN_DIRECT_OBJC_ISA_USAGE = YES_ERROR;
				CLANG_WARN_EMPTY_BODY = YES;
				CLANG_WARN_ENUM_CONVERSION = YES;
				CLANG_WARN_INFINITE_RECURSION = YES;
				CLANG_WARN_INT_CONVERSION = YES;
				CLANG_WARN_OBJC_ROOT_CLASS = YES_ERROR;
				CLANG_WARN_SUSPICIOUS_MOVE = YES;
				CLANG_WARN_UNREACHABLE_CODE = YES;
				CLANG_WARN__DUPLICATE_METHOD_MATCH = YES;
				CODE_SIGN_IDENTITY = "iPhone Distribution";
				"CODE_SIGN_IDENTITY[sdk=iphoneos*]" = "iPhone Distribution";
				COPY_PHASE_STRIP = NO;
				DEBUG_INFORMATION_FORMAT = "dwarf-with-dsym";
				ENABLE_NS_ASSERTIONS = NO;
				ENABLE_STRICT_OBJC_MSGSEND = YES;
				GCC_C_LANGUAGE_STANDARD = gnu99;
				GCC_NO_COMMON_BLOCKS = YES;
				GCC_OPTIMIZATION_LEVEL = fast;
				GCC_WARN_64_TO_32_BIT_CONVERSION = YES;
				GCC_WARN_ABOUT_RETURN_TYPE = YES_ERROR;
				GCC_WARN_UNDECLARED_SELECTOR = YES;
				GCC_WARN_UNINITIALIZED_AUTOS = YES_AGGRESSIVE;
				GCC_WARN_UNUSED_FUNCTION = YES;
				GCC_WARN_UNUSED_VARIABLE = YES;
				IPHONEOS_DEPLOYMENT_TARGET = 8.0;
				MTL_ENABLE_DEBUG_INFO = NO;
				SDKROOT = iphoneos;
				SWIFT_OPTIMIZATION_LEVEL = "-Owholemodule";
				SWIFT_VERSION = 3.0.1;
				VALIDATE_PRODUCT = YES;
			};
			name = Release;
		};
		CDD116C01D592C9F004A9DBC /* Debug */ = {
			isa = XCBuildConfiguration;
			buildSettings = {
				CLANG_ANALYZER_NONNULL = YES;
				CLANG_ENABLE_MODULES = YES;
				"CODE_SIGN_IDENTITY[sdk=iphoneos*]" = "";
				CURRENT_PROJECT_VERSION = 1;
				DEBUG_INFORMATION_FORMAT = dwarf;
				DEFINES_MODULE = YES;
				DYLIB_COMPATIBILITY_VERSION = 1;
				DYLIB_CURRENT_VERSION = 1;
				DYLIB_INSTALL_NAME_BASE = "@rpath";
				INFOPLIST_FILE = "$(SRCROOT)/PastaKit/Info.plist";
				INSTALL_PATH = "$(LOCAL_LIBRARY_DIR)/Frameworks";
				IPHONEOS_DEPLOYMENT_TARGET = 8.0;
				LD_RUNPATH_SEARCH_PATHS = "$(inherited) @executable_path/Frameworks @loader_path/Frameworks";
				MODULE_VERSION = 0.1.0;
				PRODUCT_BUNDLE_IDENTIFIER = net.NoodleNation.PastaKit;
				PRODUCT_NAME = PastaKit;
				SKIP_INSTALL = YES;
				SWIFT_OPTIMIZATION_LEVEL = "-Onone";
				SWIFT_VERSION = 3.0;
				TARGETED_DEVICE_FAMILY = "1,2";
				VERSIONING_SYSTEM = "apple-generic";
				VERSION_INFO_PREFIX = "";
			};
			name = Debug;
		};
		CDD116C11D592C9F004A9DBC /* Release */ = {
			isa = XCBuildConfiguration;
			buildSettings = {
				CLANG_ANALYZER_NONNULL = YES;
				CLANG_ENABLE_MODULES = YES;
				"CODE_SIGN_IDENTITY[sdk=iphoneos*]" = "";
				CURRENT_PROJECT_VERSION = 1;
				DEFINES_MODULE = YES;
				DYLIB_COMPATIBILITY_VERSION = 1;
				DYLIB_CURRENT_VERSION = 1;
				DYLIB_INSTALL_NAME_BASE = "@rpath";
				INFOPLIST_FILE = "$(SRCROOT)/PastaKit/Info.plist";
				INSTALL_PATH = "$(LOCAL_LIBRARY_DIR)/Frameworks";
				IPHONEOS_DEPLOYMENT_TARGET = 8.0;
				LD_RUNPATH_SEARCH_PATHS = "$(inherited) @executable_path/Frameworks @loader_path/Frameworks";
				MODULE_VERSION = 0.1.0;
				PRODUCT_BUNDLE_IDENTIFIER = net.NoodleNation.PastaKit;
				PRODUCT_NAME = PastaKit;
				SKIP_INSTALL = YES;
				SWIFT_VERSION = 3.0;
				TARGETED_DEVICE_FAMILY = "1,2";
				VERSIONING_SYSTEM = "apple-generic";
				VERSION_INFO_PREFIX = "";
			};
			name = Release;
		};
/* End XCBuildConfiguration section */

/* Begin XCConfigurationList section */
		607FACCB1AFB9204008FA782 /* Build configuration list for PBXProject "PastaKit" */ = {
			isa = XCConfigurationList;
			buildConfigurations = (
				607FACED1AFB9204008FA782 /* Debug */,
				607FACEE1AFB9204008FA782 /* Release */,
			);
			defaultConfigurationIsVisible = 0;
			defaultConfigurationName = Release;
		};
		CDD116BF1D592C9F004A9DBC /* Build configuration list for PBXNativeTarget "PastaKit" */ = {
			isa = XCConfigurationList;
			buildConfigurations = (
				CDD116C01D592C9F004A9DBC /* Debug */,
				CDD116C11D592C9F004A9DBC /* Release */,
			);
			defaultConfigurationIsVisible = 0;
			defaultConfigurationName = Release;
		};
/* End XCConfigurationList section */
	};
	rootObject = 607FACC81AFB9204008FA782 /* Project object */;
}
