// !$*UTF8*$!
{
	archiveVersion = 1;
	classes = {
	};
	objectVersion = 46;
	objects = {

/* Begin PBXBuildFile section */
		54A85F4F75EF67AF46FE592C /* Pods_NoodleBoxExample.framework in Frameworks */ = {isa = PBXBuildFile; fileRef = E5524C91CBE864E4A3649A12 /* Pods_NoodleBoxExample.framework */; };
		CDAB117D1D79FBBB00BEC7B8 /* AppDelegate.swift in Sources */ = {isa = PBXBuildFile; fileRef = CDAB117C1D79FBBB00BEC7B8 /* AppDelegate.swift */; };
		CDAB117F1D79FBBB00BEC7B8 /* ViewController.swift in Sources */ = {isa = PBXBuildFile; fileRef = CDAB117E1D79FBBB00BEC7B8 /* ViewController.swift */; };
		CDAB11841D79FBBB00BEC7B8 /* Assets.xcassets in Resources */ = {isa = PBXBuildFile; fileRef = CDAB11831D79FBBB00BEC7B8 /* Assets.xcassets */; };
		CDAB11871D79FBBB00BEC7B8 /* LaunchScreen.storyboard in Resources */ = {isa = PBXBuildFile; fileRef = CDAB11851D79FBBB00BEC7B8 /* LaunchScreen.storyboard */; };
		CDF4CA481D7A0C2F005D585D /* NoodleBoxExample_Tests.swift in Sources */ = {isa = PBXBuildFile; fileRef = CDF4CA471D7A0C2F005D585D /* NoodleBoxExample_Tests.swift */; };
/* End PBXBuildFile section */

/* Begin PBXContainerItemProxy section */
		CDF4CA4A1D7A0C2F005D585D /* PBXContainerItemProxy */ = {
			isa = PBXContainerItemProxy;
			containerPortal = CD637A1A1D79F2B000326413 /* Project object */;
			proxyType = 1;
			remoteGlobalIDString = CDAB11791D79FBBB00BEC7B8;
			remoteInfo = NoodleBoxExample;
		};
/* End PBXContainerItemProxy section */

/* Begin PBXFileReference section */
		794E1F7C5161B64FE48A03C7 /* Pods-NoodleBoxExample.debug.xcconfig */ = {isa = PBXFileReference; includeInIndex = 1; lastKnownFileType = text.xcconfig; name = "Pods-NoodleBoxExample.debug.xcconfig"; path = "Pods/Target Support Files/Pods-NoodleBoxExample/Pods-NoodleBoxExample.debug.xcconfig"; sourceTree = "<group>"; };
		BF132EA37FE801B3FF3435BF /* Pods_NoodleBoxExample_Tests.framework */ = {isa = PBXFileReference; explicitFileType = wrapper.framework; includeInIndex = 0; path = Pods_NoodleBoxExample_Tests.framework; sourceTree = BUILT_PRODUCTS_DIR; };
		C2DC6E410BE0114C18064AE9 /* Pods-NoodleBoxExample.release.xcconfig */ = {isa = PBXFileReference; includeInIndex = 1; lastKnownFileType = text.xcconfig; name = "Pods-NoodleBoxExample.release.xcconfig"; path = "Pods/Target Support Files/Pods-NoodleBoxExample/Pods-NoodleBoxExample.release.xcconfig"; sourceTree = "<group>"; };
		CDAB117A1D79FBBB00BEC7B8 /* NoodleBoxExample.app */ = {isa = PBXFileReference; explicitFileType = wrapper.application; includeInIndex = 0; path = NoodleBoxExample.app; sourceTree = BUILT_PRODUCTS_DIR; };
		CDAB117C1D79FBBB00BEC7B8 /* AppDelegate.swift */ = {isa = PBXFileReference; lastKnownFileType = sourcecode.swift; path = AppDelegate.swift; sourceTree = "<group>"; };
		CDAB117E1D79FBBB00BEC7B8 /* ViewController.swift */ = {isa = PBXFileReference; lastKnownFileType = sourcecode.swift; path = ViewController.swift; sourceTree = "<group>"; };
		CDAB11831D79FBBB00BEC7B8 /* Assets.xcassets */ = {isa = PBXFileReference; lastKnownFileType = folder.assetcatalog; path = Assets.xcassets; sourceTree = "<group>"; };
		CDAB11861D79FBBB00BEC7B8 /* Base */ = {isa = PBXFileReference; lastKnownFileType = file.storyboard; name = Base; path = Base.lproj/LaunchScreen.storyboard; sourceTree = "<group>"; };
		CDAB11881D79FBBB00BEC7B8 /* Info.plist */ = {isa = PBXFileReference; lastKnownFileType = text.plist.xml; path = Info.plist; sourceTree = "<group>"; };
		CDF4CA451D7A0C2F005D585D /* NoodleBoxExample_Tests.xctest */ = {isa = PBXFileReference; explicitFileType = wrapper.cfbundle; includeInIndex = 0; path = NoodleBoxExample_Tests.xctest; sourceTree = BUILT_PRODUCTS_DIR; };
		CDF4CA471D7A0C2F005D585D /* NoodleBoxExample_Tests.swift */ = {isa = PBXFileReference; lastKnownFileType = sourcecode.swift; path = NoodleBoxExample_Tests.swift; sourceTree = "<group>"; };
		CDF4CA491D7A0C2F005D585D /* Info.plist */ = {isa = PBXFileReference; lastKnownFileType = text.plist.xml; path = Info.plist; sourceTree = "<group>"; };
		E5524C91CBE864E4A3649A12 /* Pods_NoodleBoxExample.framework */ = {isa = PBXFileReference; explicitFileType = wrapper.framework; includeInIndex = 0; path = Pods_NoodleBoxExample.framework; sourceTree = BUILT_PRODUCTS_DIR; };
/* End PBXFileReference section */

/* Begin PBXFrameworksBuildPhase section */
		CDAB11771D79FBBB00BEC7B8 /* Frameworks */ = {
			isa = PBXFrameworksBuildPhase;
			buildActionMask = 2147483647;
			files = (
				54A85F4F75EF67AF46FE592C /* Pods_NoodleBoxExample.framework in Frameworks */,
			);
			runOnlyForDeploymentPostprocessing = 0;
		};
		CDF4CA421D7A0C2F005D585D /* Frameworks */ = {
			isa = PBXFrameworksBuildPhase;
			buildActionMask = 2147483647;
			files = (
			);
			runOnlyForDeploymentPostprocessing = 0;
		};
/* End PBXFrameworksBuildPhase section */

/* Begin PBXGroup section */
		064FCFEA71EE2AF45549925E /* Frameworks */ = {
			isa = PBXGroup;
			children = (
				E5524C91CBE864E4A3649A12 /* Pods_NoodleBoxExample.framework */,
				BF132EA37FE801B3FF3435BF /* Pods_NoodleBoxExample_Tests.framework */,
			);
			name = Frameworks;
			sourceTree = "<group>";
		};
		99ADF28F42BD147177A1C3BB /* Pods */ = {
			isa = PBXGroup;
			children = (
				794E1F7C5161B64FE48A03C7 /* Pods-NoodleBoxExample.debug.xcconfig */,
				C2DC6E410BE0114C18064AE9 /* Pods-NoodleBoxExample.release.xcconfig */,
			);
			name = Pods;
			sourceTree = "<group>";
		};
		CD637A191D79F2B000326413 = {
			isa = PBXGroup;
			children = (
				CDAB117B1D79FBBB00BEC7B8 /* NoodleBoxExample */,
				CDF4CA461D7A0C2F005D585D /* NoodleBoxExample_Tests */,
				CD637A231D79F2B000326413 /* Products */,
				99ADF28F42BD147177A1C3BB /* Pods */,
				064FCFEA71EE2AF45549925E /* Frameworks */,
			);
			sourceTree = "<group>";
		};
		CD637A231D79F2B000326413 /* Products */ = {
			isa = PBXGroup;
			children = (
				CDAB117A1D79FBBB00BEC7B8 /* NoodleBoxExample.app */,
				CDF4CA451D7A0C2F005D585D /* NoodleBoxExample_Tests.xctest */,
			);
			name = Products;
			sourceTree = "<group>";
		};
		CDAB117B1D79FBBB00BEC7B8 /* NoodleBoxExample */ = {
			isa = PBXGroup;
			children = (
				CDAB117C1D79FBBB00BEC7B8 /* AppDelegate.swift */,
				CDAB117E1D79FBBB00BEC7B8 /* ViewController.swift */,
				CDAB11831D79FBBB00BEC7B8 /* Assets.xcassets */,
				CDAB11851D79FBBB00BEC7B8 /* LaunchScreen.storyboard */,
				CDAB11881D79FBBB00BEC7B8 /* Info.plist */,
			);
			path = NoodleBoxExample;
			sourceTree = "<group>";
		};
		CDF4CA461D7A0C2F005D585D /* NoodleBoxExample_Tests */ = {
			isa = PBXGroup;
			children = (
				CDF4CA471D7A0C2F005D585D /* NoodleBoxExample_Tests.swift */,
				CDF4CA491D7A0C2F005D585D /* Info.plist */,
			);
			path = NoodleBoxExample_Tests;
			sourceTree = "<group>";
		};
/* End PBXGroup section */

/* Begin PBXNativeTarget section */
		CDAB11791D79FBBB00BEC7B8 /* NoodleBoxExample */ = {
			isa = PBXNativeTarget;
			buildConfigurationList = CDAB11891D79FBBB00BEC7B8 /* Build configuration list for PBXNativeTarget "NoodleBoxExample" */;
			buildPhases = (
				FD1BE2046C0CB68D7B9C4525 /* [CP] Check Pods Manifest.lock */,
				CDAB11761D79FBBB00BEC7B8 /* Sources */,
				CDAB11771D79FBBB00BEC7B8 /* Frameworks */,
				CDAB11781D79FBBB00BEC7B8 /* Resources */,
				014B7DD48F13B187EA2479C8 /* [CP] Embed Pods Frameworks */,
				07FF046316289AE24791F086 /* [CP] Copy Pods Resources */,
			);
			buildRules = (
			);
			dependencies = (
			);
			name = NoodleBoxExample;
			productName = "NoodleBox-Example";
			productReference = CDAB117A1D79FBBB00BEC7B8 /* NoodleBoxExample.app */;
			productType = "com.apple.product-type.application";
		};
		CDF4CA441D7A0C2F005D585D /* NoodleBoxExample_Tests */ = {
			isa = PBXNativeTarget;
			buildConfigurationList = CDF4CA4C1D7A0C2F005D585D /* Build configuration list for PBXNativeTarget "NoodleBoxExample_Tests" */;
			buildPhases = (
				CDF4CA411D7A0C2F005D585D /* Sources */,
				CDF4CA421D7A0C2F005D585D /* Frameworks */,
				CDF4CA431D7A0C2F005D585D /* Resources */,
			);
			buildRules = (
			);
			dependencies = (
				CDF4CA4B1D7A0C2F005D585D /* PBXTargetDependency */,
			);
			name = NoodleBoxExample_Tests;
			productName = NoodleBoxExample_Tests;
			productReference = CDF4CA451D7A0C2F005D585D /* NoodleBoxExample_Tests.xctest */;
			productType = "com.apple.product-type.bundle.unit-test";
		};
/* End PBXNativeTarget section */

/* Begin PBXProject section */
		CD637A1A1D79F2B000326413 /* Project object */ = {
			isa = PBXProject;
			attributes = {
				LastSwiftUpdateCheck = 0730;
				LastUpgradeCheck = 0810;
				ORGANIZATIONNAME = NoodleNation;
				TargetAttributes = {
					CDAB11791D79FBBB00BEC7B8 = {
						CreatedOnToolsVersion = 7.3.1;
						DevelopmentTeam = D2A5EST4Q4;
						LastSwiftMigration = 0810;
						ProvisioningStyle = Automatic;
					};
					CDF4CA441D7A0C2F005D585D = {
						CreatedOnToolsVersion = 7.3.1;
						LastSwiftMigration = 0810;
						TestTargetID = CDAB11791D79FBBB00BEC7B8;
					};
				};
			};
			buildConfigurationList = CD637A1D1D79F2B000326413 /* Build configuration list for PBXProject "NoodleBoxExample" */;
			compatibilityVersion = "Xcode 3.2";
			developmentRegion = English;
			hasScannedForEncodings = 0;
			knownRegions = (
				en,
				Base,
			);
			mainGroup = CD637A191D79F2B000326413;
			productRefGroup = CD637A231D79F2B000326413 /* Products */;
			projectDirPath = "";
			projectRoot = "";
			targets = (
				CDAB11791D79FBBB00BEC7B8 /* NoodleBoxExample */,
				CDF4CA441D7A0C2F005D585D /* NoodleBoxExample_Tests */,
			);
		};
/* End PBXProject section */

/* Begin PBXResourcesBuildPhase section */
		CDAB11781D79FBBB00BEC7B8 /* Resources */ = {
			isa = PBXResourcesBuildPhase;
			buildActionMask = 2147483647;
			files = (
				CDAB11871D79FBBB00BEC7B8 /* LaunchScreen.storyboard in Resources */,
				CDAB11841D79FBBB00BEC7B8 /* Assets.xcassets in Resources */,
			);
			runOnlyForDeploymentPostprocessing = 0;
		};
		CDF4CA431D7A0C2F005D585D /* Resources */ = {
			isa = PBXResourcesBuildPhase;
			buildActionMask = 2147483647;
			files = (
			);
			runOnlyForDeploymentPostprocessing = 0;
		};
/* End PBXResourcesBuildPhase section */

/* Begin PBXShellScriptBuildPhase section */
		014B7DD48F13B187EA2479C8 /* [CP] Embed Pods Frameworks */ = {
			isa = PBXShellScriptBuildPhase;
			buildActionMask = 2147483647;
			files = (
			);
			inputPaths = (
			);
			name = "[CP] Embed Pods Frameworks";
			outputPaths = (
			);
			runOnlyForDeploymentPostprocessing = 0;
			shellPath = /bin/sh;
			shellScript = "\"${SRCROOT}/Pods/Target Support Files/Pods-NoodleBoxExample/Pods-NoodleBoxExample-frameworks.sh\"\n";
			showEnvVarsInLog = 0;
		};
		07FF046316289AE24791F086 /* [CP] Copy Pods Resources */ = {
			isa = PBXShellScriptBuildPhase;
			buildActionMask = 2147483647;
			files = (
			);
			inputPaths = (
			);
			name = "[CP] Copy Pods Resources";
			outputPaths = (
			);
			runOnlyForDeploymentPostprocessing = 0;
			shellPath = /bin/sh;
			shellScript = "\"${SRCROOT}/Pods/Target Support Files/Pods-NoodleBoxExample/Pods-NoodleBoxExample-resources.sh\"\n";
			showEnvVarsInLog = 0;
		};
		FD1BE2046C0CB68D7B9C4525 /* [CP] Check Pods Manifest.lock */ = {
			isa = PBXShellScriptBuildPhase;
			buildActionMask = 2147483647;
			files = (
			);
			inputPaths = (
			);
			name = "[CP] Check Pods Manifest.lock";
			outputPaths = (
			);
			runOnlyForDeploymentPostprocessing = 0;
			shellPath = /bin/sh;
			shellScript = "diff \"${PODS_ROOT}/../Podfile.lock\" \"${PODS_ROOT}/Manifest.lock\" > /dev/null\nif [[ $? != 0 ]] ; then\n    cat << EOM\nerror: The sandbox is not in sync with the Podfile.lock. Run 'pod install' or update your CocoaPods installation.\nEOM\n    exit 1\nfi\n";
			showEnvVarsInLog = 0;
		};
/* End PBXShellScriptBuildPhase section */

/* Begin PBXSourcesBuildPhase section */
		CDAB11761D79FBBB00BEC7B8 /* Sources */ = {
			isa = PBXSourcesBuildPhase;
			buildActionMask = 2147483647;
			files = (
				CDAB117F1D79FBBB00BEC7B8 /* ViewController.swift in Sources */,
				CDAB117D1D79FBBB00BEC7B8 /* AppDelegate.swift in Sources */,
			);
			runOnlyForDeploymentPostprocessing = 0;
		};
		CDF4CA411D7A0C2F005D585D /* Sources */ = {
			isa = PBXSourcesBuildPhase;
			buildActionMask = 2147483647;
			files = (
				CDF4CA481D7A0C2F005D585D /* NoodleBoxExample_Tests.swift in Sources */,
			);
			runOnlyForDeploymentPostprocessing = 0;
		};
/* End PBXSourcesBuildPhase section */

/* Begin PBXTargetDependency section */
		CDF4CA4B1D7A0C2F005D585D /* PBXTargetDependency */ = {
			isa = PBXTargetDependency;
			target = CDAB11791D79FBBB00BEC7B8 /* NoodleBoxExample */;
			targetProxy = CDF4CA4A1D7A0C2F005D585D /* PBXContainerItemProxy */;
		};
/* End PBXTargetDependency section */

/* Begin PBXVariantGroup section */
		CDAB11851D79FBBB00BEC7B8 /* LaunchScreen.storyboard */ = {
			isa = PBXVariantGroup;
			children = (
				CDAB11861D79FBBB00BEC7B8 /* Base */,
			);
			name = LaunchScreen.storyboard;
			sourceTree = "<group>";
		};
/* End PBXVariantGroup section */

/* Begin XCBuildConfiguration section */
		CD637A371D79F2B000326413 /* Debug */ = {
			isa = XCBuildConfiguration;
			buildSettings = {
				ALWAYS_SEARCH_USER_PATHS = NO;
				CLANG_ANALYZER_NONNULL = YES;
				CLANG_CXX_LANGUAGE_STANDARD = "gnu++0x";
				CLANG_CXX_LIBRARY = "libc++";
				CLANG_ENABLE_MODULES = YES;
				CLANG_ENABLE_OBJC_ARC = YES;
				CLANG_WARN_BOOL_CONVERSION = YES;
				CLANG_WARN_CONSTANT_CONVERSION = YES;
				CLANG_WARN_DIRECT_OBJC_ISA_USAGE = YES_ERROR;
				CLANG_WARN_EMPTY_BODY = YES;
				CLANG_WARN_ENUM_CONVERSION = YES;
				CLANG_WARN_INFINITE_RECURSION = YES;
				CLANG_WARN_INT_CONVERSION = YES;
				CLANG_WARN_OBJC_ROOT_CLASS = YES_ERROR;
				CLANG_WARN_SUSPICIOUS_MOVE = YES;
				CLANG_WARN_UNREACHABLE_CODE = YES;
				CLANG_WARN__DUPLICATE_METHOD_MATCH = YES;
				"CODE_SIGN_IDENTITY[sdk=iphoneos*]" = "iPhone Developer";
				COPY_PHASE_STRIP = NO;
				DEBUG_INFORMATION_FORMAT = dwarf;
				ENABLE_STRICT_OBJC_MSGSEND = YES;
				ENABLE_TESTABILITY = YES;
				GCC_C_LANGUAGE_STANDARD = gnu99;
				GCC_DYNAMIC_NO_PIC = NO;
				GCC_NO_COMMON_BLOCKS = YES;
				GCC_OPTIMIZATION_LEVEL = 0;
				GCC_PREPROCESSOR_DEFINITIONS = (
					"DEBUG=1",
					"$(inherited)",
				);
				GCC_WARN_64_TO_32_BIT_CONVERSION = YES;
				GCC_WARN_ABOUT_RETURN_TYPE = YES_ERROR;
				GCC_WARN_UNDECLARED_SELECTOR = YES;
				GCC_WARN_UNINITIALIZED_AUTOS = YES_AGGRESSIVE;
				GCC_WARN_UNUSED_FUNCTION = YES;
				GCC_WARN_UNUSED_VARIABLE = YES;
				IPHONEOS_DEPLOYMENT_TARGET = 8.0;
				MTL_ENABLE_DEBUG_INFO = YES;
				ONLY_ACTIVE_ARCH = YES;
				SDKROOT = iphoneos;
				TARGETED_DEVICE_FAMILY = "1,2";
			};
			name = Debug;
		};
		CD637A381D79F2B000326413 /* Release */ = {
			isa = XCBuildConfiguration;
			buildSettings = {
				ALWAYS_SEARCH_USER_PATHS = NO;
				CLANG_ANALYZER_NONNULL = YES;
				CLANG_CXX_LANGUAGE_STANDARD = "gnu++0x";
				CLANG_CXX_LIBRARY = "libc++";
				CLANG_ENABLE_MODULES = YES;
				CLANG_ENABLE_OBJC_ARC = YES;
				CLANG_WARN_BOOL_CONVERSION = YES;
				CLANG_WARN_CONSTANT_CONVERSION = YES;
				CLANG_WARN_DIRECT_OBJC_ISA_USAGE = YES_ERROR;
				CLANG_WARN_EMPTY_BODY = YES;
				CLANG_WARN_ENUM_CONVERSION = YES;
				CLANG_WARN_INFINITE_RECURSION = YES;
				CLANG_WARN_INT_CONVERSION = YES;
				CLANG_WARN_OBJC_ROOT_CLASS = YES_ERROR;
				CLANG_WARN_SUSPICIOUS_MOVE = YES;
				CLANG_WARN_UNREACHABLE_CODE = YES;
				CLANG_WARN__DUPLICATE_METHOD_MATCH = YES;
				"CODE_SIGN_IDENTITY[sdk=iphoneos*]" = "iPhone Developer";
				COPY_PHASE_STRIP = NO;
				DEBUG_INFORMATION_FORMAT = "dwarf-with-dsym";
				ENABLE_NS_ASSERTIONS = NO;
				ENABLE_STRICT_OBJC_MSGSEND = YES;
				GCC_C_LANGUAGE_STANDARD = gnu99;
				GCC_NO_COMMON_BLOCKS = YES;
				GCC_WARN_64_TO_32_BIT_CONVERSION = YES;
				GCC_WARN_ABOUT_RETURN_TYPE = YES_ERROR;
				GCC_WARN_UNDECLARED_SELECTOR = YES;
				GCC_WARN_UNINITIALIZED_AUTOS = YES_AGGRESSIVE;
				GCC_WARN_UNUSED_FUNCTION = YES;
				GCC_WARN_UNUSED_VARIABLE = YES;
				IPHONEOS_DEPLOYMENT_TARGET = 8.0;
				MTL_ENABLE_DEBUG_INFO = NO;
				SDKROOT = iphoneos;
				SWIFT_OPTIMIZATION_LEVEL = "-Owholemodule";
				TARGETED_DEVICE_FAMILY = "1,2";
				VALIDATE_PRODUCT = YES;
			};
			name = Release;
		};
		CDAB118A1D79FBBB00BEC7B8 /* Debug */ = {
			isa = XCBuildConfiguration;
			baseConfigurationReference = 794E1F7C5161B64FE48A03C7 /* Pods-NoodleBoxExample.debug.xcconfig */;
			buildSettings = {
				ALWAYS_EMBED_SWIFT_STANDARD_LIBRARIES = YES;
				ASSETCATALOG_COMPILER_APPICON_NAME = AppIcon;
				CODE_SIGN_IDENTITY = "iPhone Developer";
				"CODE_SIGN_IDENTITY[sdk=iphoneos*]" = "iPhone Developer";
				DEVELOPMENT_TEAM = D2A5EST4Q4;
				INFOPLIST_FILE = "$(SRCROOT)/NoodleBoxExample/Info.plist";
				IPHONEOS_DEPLOYMENT_TARGET = 8.0;
				LD_RUNPATH_SEARCH_PATHS = "$(inherited) @executable_path/Frameworks";
				PRODUCT_BUNDLE_IDENTIFIER = "net.NoodleNation.NoodleBox-Example";
				PRODUCT_NAME = "$(TARGET_NAME)";
				SWIFT_OPTIMIZATION_LEVEL = "-Onone";
				SWIFT_VERSION = 3.0;
			};
			name = Debug;
		};
		CDAB118B1D79FBBB00BEC7B8 /* Release */ = {
			isa = XCBuildConfiguration;
			baseConfigurationReference = C2DC6E410BE0114C18064AE9 /* Pods-NoodleBoxExample.release.xcconfig */;
			buildSettings = {
				ALWAYS_EMBED_SWIFT_STANDARD_LIBRARIES = YES;
				ASSETCATALOG_COMPILER_APPICON_NAME = AppIcon;
				CODE_SIGN_IDENTITY = "iPhone Developer";
				"CODE_SIGN_IDENTITY[sdk=iphoneos*]" = "iPhone Developer";
				DEVELOPMENT_TEAM = D2A5EST4Q4;
				INFOPLIST_FILE = "$(SRCROOT)/NoodleBoxExample/Info.plist";
				IPHONEOS_DEPLOYMENT_TARGET = 8.0;
				LD_RUNPATH_SEARCH_PATHS = "$(inherited) @executable_path/Frameworks";
				PRODUCT_BUNDLE_IDENTIFIER = "net.NoodleNation.NoodleBox-Example";
				PRODUCT_NAME = "$(TARGET_NAME)";
				SWIFT_VERSION = 3.0;
			};
			name = Release;
		};
		CDF4CA4D1D7A0C2F005D585D /* Debug */ = {
			isa = XCBuildConfiguration;
			buildSettings = {
				BUNDLE_LOADER = "$(TEST_HOST)";
				INFOPLIST_FILE = NoodleBoxExample_Tests/Info.plist;
				IPHONEOS_DEPLOYMENT_TARGET = 9.3;
				LD_RUNPATH_SEARCH_PATHS = "$(inherited) @executable_path/Frameworks @loader_path/Frameworks";
				PRODUCT_BUNDLE_IDENTIFIER = "net.NoodleNation.NoodleBoxExample-Tests";
				PRODUCT_NAME = "$(TARGET_NAME)";
				SWIFT_OPTIMIZATION_LEVEL = "-Onone";
				SWIFT_VERSION = 3.0;
				TEST_HOST = "$(BUILT_PRODUCTS_DIR)/NoodleBoxExample.app/NoodleBoxExample";
			};
			name = Debug;
		};
		CDF4CA4E1D7A0C2F005D585D /* Release */ = {
			isa = XCBuildConfiguration;
			buildSettings = {
				BUNDLE_LOADER = "$(TEST_HOST)";
				INFOPLIST_FILE = NoodleBoxExample_Tests/Info.plist;
				IPHONEOS_DEPLOYMENT_TARGET = 9.3;
				LD_RUNPATH_SEARCH_PATHS = "$(inherited) @executable_path/Frameworks @loader_path/Frameworks";
				PRODUCT_BUNDLE_IDENTIFIER = "net.NoodleNation.NoodleBoxExample-Tests";
				PRODUCT_NAME = "$(TARGET_NAME)";
				SWIFT_VERSION = 3.0;
				TEST_HOST = "$(BUILT_PRODUCTS_DIR)/NoodleBoxExample.app/NoodleBoxExample";
			};
			name = Release;
		};
/* End XCBuildConfiguration section */

/* Begin XCConfigurationList section */
		CD637A1D1D79F2B000326413 /* Build configuration list for PBXProject "NoodleBoxExample" */ = {
			isa = XCConfigurationList;
			buildConfigurations = (
				CD637A371D79F2B000326413 /* Debug */,
				CD637A381D79F2B000326413 /* Release */,
			);
			defaultConfigurationIsVisible = 0;
			defaultConfigurationName = Release;
		};
		CDAB11891D79FBBB00BEC7B8 /* Build configuration list for PBXNativeTarget "NoodleBoxExample" */ = {
			isa = XCConfigurationList;
			buildConfigurations = (
				CDAB118A1D79FBBB00BEC7B8 /* Debug */,
				CDAB118B1D79FBBB00BEC7B8 /* Release */,
			);
			defaultConfigurationIsVisible = 0;
			defaultConfigurationName = Release;
		};
		CDF4CA4C1D7A0C2F005D585D /* Build configuration list for PBXNativeTarget "NoodleBoxExample_Tests" */ = {
			isa = XCConfigurationList;
			buildConfigurations = (
				CDF4CA4D1D7A0C2F005D585D /* Debug */,
				CDF4CA4E1D7A0C2F005D585D /* Release */,
			);
			defaultConfigurationIsVisible = 0;
			defaultConfigurationName = Release;
		};
/* End XCConfigurationList section */
	};
	rootObject = CD637A1A1D79F2B000326413 /* Project object */;
}
